// !$*UTF8*$!
{
	archiveVersion = 1;
	classes = {
	};
	objectVersion = 46;
	objects = {

/* Begin PBXBuildFile section */
		F46EC5391D75A08A00C457BE /* AppDelegate.swift in Sources */ = {isa = PBXBuildFile; fileRef = F46EC5381D75A08A00C457BE /* AppDelegate.swift */; };
		F46EC53B1D75A08A00C457BE /* ViewController.swift in Sources */ = {isa = PBXBuildFile; fileRef = F46EC53A1D75A08A00C457BE /* ViewController.swift */; };
		F46EC53E1D75A08A00C457BE /* Main.storyboard in Resources */ = {isa = PBXBuildFile; fileRef = F46EC53C1D75A08A00C457BE /* Main.storyboard */; };
		F46EC5401D75A08A00C457BE /* Assets.xcassets in Resources */ = {isa = PBXBuildFile; fileRef = F46EC53F1D75A08A00C457BE /* Assets.xcassets */; };
		F46EC5431D75A08A00C457BE /* LaunchScreen.storyboard in Resources */ = {isa = PBXBuildFile; fileRef = F46EC5411D75A08A00C457BE /* LaunchScreen.storyboard */; };
		F46EC54C1D75A67D00C457BE /* libsqlite3.tbd in Frameworks */ = {isa = PBXBuildFile; fileRef = F46EC54B1D75A67D00C457BE /* libsqlite3.tbd */; };
		F46EC5501D75BC1500C457BE /* StudentDB.sqlite in Resources */ = {isa = PBXBuildFile; fileRef = F46EC54F1D75BC1500C457BE /* StudentDB.sqlite */; };
/* End PBXBuildFile section */

/* Begin PBXFileReference section */
		F46EC5351D75A08A00C457BE /* SQLiteApp.app */ = {isa = PBXFileReference; explicitFileType = wrapper.application; includeInIndex = 0; path = SQLiteApp.app; sourceTree = BUILT_PRODUCTS_DIR; };
		F46EC5381D75A08A00C457BE /* AppDelegate.swift */ = {isa = PBXFileReference; lastKnownFileType = sourcecode.swift; path = AppDelegate.swift; sourceTree = "<group>"; };
		F46EC53A1D75A08A00C457BE /* ViewController.swift */ = {isa = PBXFileReference; lastKnownFileType = sourcecode.swift; path = ViewController.swift; sourceTree = "<group>"; };
		F46EC53D1D75A08A00C457BE /* Base */ = {isa = PBXFileReference; lastKnownFileType = file.storyboard; name = Base; path = Base.lproj/Main.storyboard; sourceTree = "<group>"; };
		F46EC53F1D75A08A00C457BE /* Assets.xcassets */ = {isa = PBXFileReference; lastKnownFileType = folder.assetcatalog; path = Assets.xcassets; sourceTree = "<group>"; };
		F46EC5421D75A08A00C457BE /* Base */ = {isa = PBXFileReference; lastKnownFileType = file.storyboard; name = Base; path = Base.lproj/LaunchScreen.storyboard; sourceTree = "<group>"; };
		F46EC5441D75A08A00C457BE /* Info.plist */ = {isa = PBXFileReference; lastKnownFileType = text.plist.xml; path = Info.plist; sourceTree = "<group>"; };
		F46EC54A1D75A4B400C457BE /* Header.h */ = {isa = PBXFileReference; fileEncoding = 4; lastKnownFileType = sourcecode.c.h; path = Header.h; sourceTree = "<group>"; };
		F46EC54B1D75A67D00C457BE /* libsqlite3.tbd */ = {isa = PBXFileReference; lastKnownFileType = "sourcecode.text-based-dylib-definition"; name = libsqlite3.tbd; path = usr/lib/libsqlite3.tbd; sourceTree = SDKROOT; };
		F46EC54F1D75BC1500C457BE /* StudentDB.sqlite */ = {isa = PBXFileReference; lastKnownFileType = file; path = StudentDB.sqlite; sourceTree = "<group>"; };
/* End PBXFileReference section */

/* Begin PBXFrameworksBuildPhase section */
		F46EC5321D75A08A00C457BE /* Frameworks */ = {
			isa = PBXFrameworksBuildPhase;
			buildActionMask = 2147483647;
			files = (
				F46EC54C1D75A67D00C457BE /* libsqlite3.tbd in Frameworks */,
			);
			runOnlyForDeploymentPostprocessing = 0;
		};
/* End PBXFrameworksBuildPhase section */

/* Begin PBXGroup section */
		F46EC52C1D75A08A00C457BE = {
			isa = PBXGroup;
			children = (
				F46EC54B1D75A67D00C457BE /* libsqlite3.tbd */,
				F46EC5371D75A08A00C457BE /* SQLiteApp */,
				F46EC5361D75A08A00C457BE /* Products */,
			);
			sourceTree = "<group>";
		};
		F46EC5361D75A08A00C457BE /* Products */ = {
			isa = PBXGroup;
			children = (
				F46EC5351D75A08A00C457BE /* SQLiteApp.app */,
			);
			name = Products;
			sourceTree = "<group>";
		};
		F46EC5371D75A08A00C457BE /* SQLiteApp */ = {
			isa = PBXGroup;
			children = (
				F46EC54F1D75BC1500C457BE /* StudentDB.sqlite */,
				F46EC5381D75A08A00C457BE /* AppDelegate.swift */,
				F46EC53A1D75A08A00C457BE /* ViewController.swift */,
				F46EC53C1D75A08A00C457BE /* Main.storyboard */,
				F46EC54A1D75A4B400C457BE /* Header.h */,
				F46EC53F1D75A08A00C457BE /* Assets.xcassets */,
				F46EC5411D75A08A00C457BE /* LaunchScreen.storyboard */,
				F46EC5441D75A08A00C457BE /* Info.plist */,
			);
			path = SQLiteApp;
			sourceTree = "<group>";
		};
/* End PBXGroup section */

/* Begin PBXNativeTarget section */
		F46EC5341D75A08A00C457BE /* SQLiteApp */ = {
			isa = PBXNativeTarget;
			buildConfigurationList = F46EC5471D75A08A00C457BE /* Build configuration list for PBXNativeTarget "SQLiteApp" */;
			buildPhases = (
				F46EC5311D75A08A00C457BE /* Sources */,
				F46EC5321D75A08A00C457BE /* Frameworks */,
				F46EC5331D75A08A00C457BE /* Resources */,
			);
			buildRules = (
			);
			dependencies = (
			);
			name = SQLiteApp;
			productName = SQLiteApp;
			productReference = F46EC5351D75A08A00C457BE /* SQLiteApp.app */;
			productType = "com.apple.product-type.application";
		};
/* End PBXNativeTarget section */

/* Begin PBXProject section */
		F46EC52D1D75A08A00C457BE /* Project object */ = {
			isa = PBXProject;
			attributes = {
				LastSwiftUpdateCheck = 0730;
				LastUpgradeCheck = 0730;
				ORGANIZATIONNAME = GHtest;
				TargetAttributes = {
					F46EC5341D75A08A00C457BE = {
						CreatedOnToolsVersion = 7.3.1;
						DevelopmentTeam = C4FVZ32Y5Q;
					};
				};
			};
			buildConfigurationList = F46EC5301D75A08A00C457BE /* Build configuration list for PBXProject "SQLiteApp" */;
			compatibilityVersion = "Xcode 3.2";
			developmentRegion = English;
			hasScannedForEncodings = 0;
			knownRegions = (
				en,
				Base,
			);
			mainGroup = F46EC52C1D75A08A00C457BE;
			productRefGroup = F46EC5361D75A08A00C457BE /* Products */;
			projectDirPath = "";
			projectRoot = "";
			targets = (
				F46EC5341D75A08A00C457BE /* SQLiteApp */,
			);
		};
/* End PBXProject section */

/* Begin PBXResourcesBuildPhase section */
		F46EC5331D75A08A00C457BE /* Resources */ = {
			isa = PBXResourcesBuildPhase;
			buildActionMask = 2147483647;
			files = (
				F46EC5431D75A08A00C457BE /* LaunchScreen.storyboard in Resources */,
				F46EC5501D75BC1500C457BE /* StudentDB.sqlite in Resources */,
				F46EC5401D75A08A00C457BE /* Assets.xcassets in Resources */,
				F46EC53E1D75A08A00C457BE /* Main.storyboard in Resources */,
			);
			runOnlyForDeploymentPostprocessing = 0;
		};
/* End PBXResourcesBuildPhase section */

/* Begin PBXSourcesBuildPhase section */
		F46EC5311D75A08A00C457BE /* Sources */ = {
			isa = PBXSourcesBuildPhase;
			buildActionMask = 2147483647;
			files = (
				F46EC53B1D75A08A00C457BE /* ViewController.swift in Sources */,
				F46EC5391D75A08A00C457BE /* AppDelegate.swift in Sources */,
			);
			runOnlyForDeploymentPostprocessing = 0;
		};
/* End PBXSourcesBuildPhase section */

/* Begin PBXVariantGroup section */
		F46EC53C1D75A08A00C457BE /* Main.storyboard */ = {
			isa = PBXVariantGroup;
			children = (
				F46EC53D1D75A08A00C457BE /* Base */,
			);
			name = Main.storyboard;
			sourceTree = "<group>";
		};
		F46EC5411D75A08A00C457BE /* LaunchScreen.storyboard */ = {
			isa = PBXVariantGroup;
			children = (
				F46EC5421D75A08A00C457BE /* Base */,
			);
			name = LaunchScreen.storyboard;
			sourceTree = "<group>";
		};
/* End PBXVariantGroup section */

/* Begin XCBuildConfiguration section */
		F46EC5451D75A08A00C457BE /* Debug */ = {
			isa = XCBuildConfiguration;
			buildSettings = {
				ALWAYS_SEARCH_USER_PATHS = NO;
				CLANG_ANALYZER_NONNULL = YES;
				CLANG_CXX_LANGUAGE_STANDARD = "gnu++0x";
				CLANG_CXX_LIBRARY = "libc++";
				CLANG_ENABLE_MODULES = YES;
				CLANG_ENABLE_OBJC_ARC = YES;
				CLANG_WARN_BOOL_CONVERSION = YES;
				CLANG_WARN_CONSTANT_CONVERSION = YES;
				CLANG_WARN_DIRECT_OBJC_ISA_USAGE = YES_ERROR;
				CLANG_WARN_EMPTY_BODY = YES;
				CLANG_WARN_ENUM_CONVERSION = YES;
				CLANG_WARN_INT_CONVERSION = YES;
				CLANG_WARN_OBJC_ROOT_CLASS = YES_ERROR;
				CLANG_WARN_UNREACHABLE_CODE = YES;
				CLANG_WARN__DUPLICATE_METHOD_MATCH = YES;
				"CODE_SIGN_IDENTITY[sdk=iphoneos*]" = "iPhone Developer";
				COPY_PHASE_STRIP = NO;
				DEBUG_INFORMATION_FORMAT = dwarf;
				ENABLE_STRICT_OBJC_MSGSEND = YES;
				ENABLE_TESTABILITY = YES;
				GCC_C_LANGUAGE_STANDARD = gnu99;
				GCC_DYNAMIC_NO_PIC = NO;
				GCC_NO_COMMON_BLOCKS = YES;
				GCC_OPTIMIZATION_LEVEL = 0;
				GCC_PREPROCESSOR_DEFINITIONS = (
					"DEBUG=1",
					"$(inherited)",
				);
				GCC_WARN_64_TO_32_BIT_CONVERSION = YES;
				GCC_WARN_ABOUT_RETURN_TYPE = YES_ERROR;
				GCC_WARN_UNDECLARED_SELECTOR = YES;
				GCC_WARN_UNINITIALIZED_AUTOS = YES_AGGRESSIVE;
				GCC_WARN_UNUSED_FUNCTION = YES;
				GCC_WARN_UNUSED_VARIABLE = YES;
				IPHONEOS_DEPLOYMENT_TARGET = 9.3;
				MTL_ENABLE_DEBUG_INFO = YES;
				ONLY_ACTIVE_ARCH = YES;
				SDKROOT = iphoneos;
				SWIFT_OPTIMIZATION_LEVEL = "-Onone";
			};
			name = Debug;
		};
		F46EC5461D75A08A00C457BE /* Release */ = {
			isa = XCBuildConfiguration;
			buildSettings = {
				ALWAYS_SEARCH_USER_PATHS = NO;
				CLANG_ANALYZER_NONNULL = YES;
				CLANG_CXX_LANGUAGE_STANDARD = "gnu++0x";
				CLANG_CXX_LIBRARY = "libc++";
				CLANG_ENABLE_MODULES = YES;
				CLANG_ENABLE_OBJC_ARC = YES;
				CLANG_WARN_BOOL_CONVERSION = YES;
				CLANG_WARN_CONSTANT_CONVERSION = YES;
				CLANG_WARN_DIRECT_OBJC_ISA_USAGE = YES_ERROR;
				CLANG_WARN_EMPTY_BODY = YES;
				CLANG_WARN_ENUM_CONVERSION = YES;
				CLANG_WARN_INT_CONVERSION = YES;
				CLANG_WARN_OBJC_ROOT_CLASS = YES_ERROR;
				CLANG_WARN_UNREACHABLE_CODE = YES;
				CLANG_WARN__DUPLICATE_METHOD_MATCH = YES;
				"CODE_SIGN_IDENTITY[sdk=iphoneos*]" = "iPhone Developer";
				COPY_PHASE_STRIP = NO;
				DEBUG_INFORMATION_FORMAT = "dwarf-with-dsym";
				ENABLE_NS_ASSERTIONS = NO;
				ENABLE_STRICT_OBJC_MSGSEND = YES;
				GCC_C_LANGUAGE_STANDARD = gnu99;
				GCC_NO_COMMON_BLOCKS = YES;
				GCC_WARN_64_TO_32_BIT_CONVERSION = YES;
				GCC_WARN_ABOUT_RETURN_TYPE = YES_ERROR;
				GCC_WARN_UNDECLARED_SELECTOR = YES;
				GCC_WARN_UNINITIALIZED_AUTOS = YES_AGGRESSIVE;
				GCC_WARN_UNUSED_FUNCTION = YES;
				GCC_WARN_UNUSED_VARIABLE = YES;
				IPHONEOS_DEPLOYMENT_TARGET = 9.3;
				MTL_ENABLE_DEBUG_INFO = NO;
				SDKROOT = iphoneos;
				VALIDATE_PRODUCT = YES;
			};
			name = Release;
		};
		F46EC5481D75A08A00C457BE /* Debug */ = {
			isa = XCBuildConfiguration;
			buildSettings = {
				ASSETCATALOG_COMPILER_APPICON_NAME = AppIcon;
				CODE_SIGN_IDENTITY = "iPhone Developer";
				"CODE_SIGN_IDENTITY[sdk=iphoneos*]" = "iPhone Developer";
				INFOPLIST_FILE = SQLiteApp/Info.plist;
				LD_RUNPATH_SEARCH_PATHS = "$(inherited) @executable_path/Frameworks";
				PRODUCT_BUNDLE_IDENTIFIER = GUO.com.tw.SQLiteApp;
				PRODUCT_NAME = "$(TARGET_NAME)";
				PROVISIONING_PROFILE = "";
				SWIFT_OBJC_BRIDGING_HEADER = SQLiteApp/Header.h;
			};
			name = Debug;
		};
		F46EC5491D75A08A00C457BE /* Release */ = {
			isa = XCBuildConfiguration;
			buildSettings = {
				ASSETCATALOG_COMPILER_APPICON_NAME = AppIcon;
				CODE_SIGN_IDENTITY = "iPhone Developer";
				"CODE_SIGN_IDENTITY[sdk=iphoneos*]" = "iPhone Developer";
				INFOPLIST_FILE = SQLiteApp/Info.plist;
				LD_RUNPATH_SEARCH_PATHS = "$(inherited) @executable_path/Frameworks";
				PRODUCT_BUNDLE_IDENTIFIER = GUO.com.tw.SQLiteApp;
				PRODUCT_NAME = "$(TARGET_NAME)";
				PROVISIONING_PROFILE = "";
				SWIFT_OBJC_BRIDGING_HEADER = SQLiteApp/Header.h;
			};
			name = Release;
		};
/* End XCBuildConfiguration section */

/* Begin XCConfigurationList section */
		F46EC5301D75A08A00C457BE /* Build configuration list for PBXProject "SQLiteApp" */ = {
			isa = XCConfigurationList;
			buildConfigurations = (
				F46EC5451D75A08A00C457BE /* Debug */,
				F46EC5461D75A08A00C457BE /* Release */,
			);
			defaultConfigurationIsVisible = 0;
			defaultConfigurationName = Release;
		};
		F46EC5471D75A08A00C457BE /* Build configuration list for PBXNativeTarget "SQLiteApp" */ = {
			isa = XCConfigurationList;
			buildConfigurations = (
				F46EC5481D75A08A00C457BE /* Debug */,
				F46EC5491D75A08A00C457BE /* Release */,
			);
			defaultConfigurationIsVisible = 0;
		};
/* End XCConfigurationList section */
	};
	rootObject = F46EC52D1D75A08A00C457BE /* Project object */;
}
